<?xml version="1.0" encoding="utf-8"?>
<Project ToolsVersion="4.0" xmlns="http://schemas.microsoft.com/developer/msbuild/2003">
  <ItemGroup>
    <Filter Include="Source Files">
      <UniqueIdentifier>{4FC737F1-C7A5-4376-A066-2A32D752A2FF}</UniqueIdentifier>
      <Extensions>qml;cpp;c;cc;cxx;def;odl;idl;hpj;bat;asm;asmx</Extensions>
    </Filter>
    <Filter Include="Header Files">
      <UniqueIdentifier>{93995380-89BD-4b04-88EB-625FBE52EBFB}</UniqueIdentifier>
      <Extensions>h;hh;hpp;hxx;hm;inl;inc;xsd</Extensions>
    </Filter>
    <Filter Include="Resource Files">
      <UniqueIdentifier>{67DA6AB6-F800-4c08-8B7A-83BB121AAD01}</UniqueIdentifier>
      <Extensions>qrc;rc;ico;cur;bmp;dlg;rc2;rct;bin;rgs;gif;jpg;jpeg;jpe;resx;tiff;tif;png;wav;mfcribbon-ms</Extensions>
    </Filter>
    <Filter Include="Form Files">
      <UniqueIdentifier>{99349809-55BA-4b9d-BF79-8FDBB0286EB3}</UniqueIdentifier>
      <Extensions>ui</Extensions>
    </Filter>
    <Filter Include="Translation Files">
      <UniqueIdentifier>{639EADAA-A684-42e4-A9AD-28FC9BCB8F7C}</UniqueIdentifier>
      <Extensions>ts</Extensions>
    </Filter>
    <Filter Include="Header Files\AnimationModule">
      <UniqueIdentifier>{089be3d7-03dc-46a3-bfe5-d6760b309d8c}</UniqueIdentifier>
    </Filter>
    <Filter Include="Header Files\AnimationModule\State">
      <UniqueIdentifier>{87221ed3-63ab-488a-bba0-ecbbbaba0bce}</UniqueIdentifier>
    </Filter>
    <Filter Include="Source Files\AnimationModule">
      <UniqueIdentifier>{77afb04b-fc95-494d-a596-8df890011e10}</UniqueIdentifier>
    </Filter>
    <Filter Include="Source Files\AnimationModule\State">
      <UniqueIdentifier>{7c716572-a592-4df5-b3d0-5f79854bec1d}</UniqueIdentifier>
    </Filter>
    <Filter Include="Header Files\Test">
      <UniqueIdentifier>{3933d5c6-dc90-494d-816d-b2b492d58e5c}</UniqueIdentifier>
    </Filter>
    <Filter Include="Source Files\Test">
      <UniqueIdentifier>{fe3baa73-1161-4c37-890b-ea5580a01ec5}</UniqueIdentifier>
    </Filter>
    <Filter Include="Header Files\Core">
      <UniqueIdentifier>{8b54dcac-6920-4b7a-815c-e8ccc5c3f839}</UniqueIdentifier>
    </Filter>
    <Filter Include="Source Files\Core">
      <UniqueIdentifier>{918d21d4-7434-490a-b62a-ba9910bf82e8}</UniqueIdentifier>
    </Filter>
    <Filter Include="Header Files\Core\AI">
      <UniqueIdentifier>{f056f6c3-9b7f-44e9-82aa-fbdf3952f683}</UniqueIdentifier>
    </Filter>
    <Filter Include="Source Files\Core\AI">
      <UniqueIdentifier>{7a42e313-323a-4e85-a3d6-ccdf8a64ce68}</UniqueIdentifier>
    </Filter>
    <Filter Include="Header Files\Core\AI\Task">
      <UniqueIdentifier>{b52b4a1e-f9f0-48f8-91f4-68ae5bb64a8f}</UniqueIdentifier>
    </Filter>
    <Filter Include="Source Files\Core\AI\Task">
      <UniqueIdentifier>{9d5bd71f-8c8f-406a-82fc-eb8eb7357ebf}</UniqueIdentifier>
    </Filter>
  </ItemGroup>
  <ItemGroup>
    <QtRcc Include="Resource.qrc">
      <Filter>Resource Files</Filter>
    </QtRcc>
  </ItemGroup>
  <ItemGroup>
    <QtMoc Include="src\AnimationModule\State\SleepyState.h">
      <Filter>Header Files\AnimationModule\State</Filter>
    </QtMoc>
    <QtMoc Include="src\AnimationModule\SleepyAnimation.h">
      <Filter>Header Files\AnimationModule</Filter>
    </QtMoc>
    <QtMoc Include="src\AnimationModule\SleepyStateMachine.h">
      <Filter>Header Files\AnimationModule</Filter>
    </QtMoc>
    <QtMoc Include="src\Test\SleepyPet.h">
      <Filter>Header Files\Test</Filter>
    </QtMoc>
    <QtMoc Include="src\Test\SleepyPetTest.h">
      <Filter>Header Files\Test</Filter>
    </QtMoc>
  </ItemGroup>
  <ItemGroup>
    <ClInclude Include="src\AnimationModule\State\SleepyStateDragLeft.h">
      <Filter>Header Files\AnimationModule\State</Filter>
    </ClInclude>
    <ClInclude Include="src\AnimationModule\State\SleepyStateDragRight.h">
      <Filter>Header Files\AnimationModule\State</Filter>
    </ClInclude>
    <ClInclude Include="src\AnimationModule\State\SleepyStateFall.h">
      <Filter>Header Files\AnimationModule\State</Filter>
    </ClInclude>
    <ClInclude Include="src\AnimationModule\State\SleepyStateIdle.h">
      <Filter>Header Files\AnimationModule\State</Filter>
    </ClInclude>
    <ClInclude Include="src\AnimationModule\State\SleepyStatePastime.h">
      <Filter>Header Files\AnimationModule\State</Filter>
    </ClInclude>
    <ClInclude Include="src\AnimationModule\State\SleepyStateWalkLeft.h">
      <Filter>Header Files\AnimationModule\State</Filter>
    </ClInclude>
    <ClInclude Include="src\AnimationModule\State\SleepyStateWalkRight.h">
      <Filter>Header Files\AnimationModule\State</Filter>
    </ClInclude>
    <ClInclude Include="src\AnimationModule\SleepyStateFactory.h">
      <Filter>Header Files\AnimationModule</Filter>
    </ClInclude>
    <ClInclude Include="src\AnimationModule\State\SleepyStateSleep.h">
      <Filter>Header Files\AnimationModule\State</Filter>
    </ClInclude>
    <ClInclude Include="src\AnimationModule\State\SleepyStateJump.h">
      <Filter>Header Files\AnimationModule\State</Filter>
    </ClInclude>
    <ClInclude Include="src\AnimationModule\State\SleepyStateCrawlIdle.h">
      <Filter>Header Files\AnimationModule\State</Filter>
    </ClInclude>
    <ClInclude Include="src\AnimationModule\State\SleepyStateCrawl.h">
      <Filter>Header Files\AnimationModule\State</Filter>
    </ClInclude>
    <ClInclude Include="src\AnimationModule\ISleepyStateTransition.h">
      <Filter>Header Files\AnimationModule</Filter>
    </ClInclude>
    <ClInclude Include="src\Config\Config.h">
      <Filter>Header Files</Filter>
    </ClInclude>
    <ClInclude Include="src\Base\SleepyTool.h">
      <Filter>Header Files</Filter>
    </ClInclude>
  </ItemGroup>
  <ItemGroup>
    <ClCompile Include="src\AnimationModule\State\SleepyState.cpp">
      <Filter>Source Files\AnimationModule\State</Filter>
    </ClCompile>
    <ClCompile Include="src\AnimationModule\State\SleepyStateDragLeft.cpp">
      <Filter>Source Files\AnimationModule\State</Filter>
    </ClCompile>
    <ClCompile Include="src\AnimationModule\State\SleepyStateDragRight.cpp">
      <Filter>Source Files\AnimationModule\State</Filter>
    </ClCompile>
    <ClCompile Include="src\AnimationModule\State\SleepyStateFall.cpp">
      <Filter>Source Files\AnimationModule\State</Filter>
    </ClCompile>
    <ClCompile Include="src\AnimationModule\State\SleepyStateIdle.cpp">
      <Filter>Source Files\AnimationModule\State</Filter>
    </ClCompile>
    <ClCompile Include="src\AnimationModule\State\SleepyStatePastime.cpp">
      <Filter>Source Files\AnimationModule\State</Filter>
    </ClCompile>
    <ClCompile Include="src\AnimationModule\State\SleepyStateWalkLeft.cpp">
      <Filter>Source Files\AnimationModule\State</Filter>
    </ClCompile>
    <ClCompile Include="src\AnimationModule\State\SleepyStateWalkRight.cpp">
      <Filter>Source Files\AnimationModule\State</Filter>
    </ClCompile>
    <ClCompile Include="src\AnimationModule\SleepyAnimation.cpp">
      <Filter>Source Files\AnimationModule</Filter>
    </ClCompile>
    <ClCompile Include="src\AnimationModule\SleepyStateFactory.cpp">
      <Filter>Source Files\AnimationModule</Filter>
    </ClCompile>
    <ClCompile Include="src\AnimationModule\SleepyStateMachine.cpp">
      <Filter>Source Files\AnimationModule</Filter>
    </ClCompile>
    <ClCompile Include="src\Test\SleepyPet.cpp">
      <Filter>Source Files\Test</Filter>
    </ClCompile>
    <ClCompile Include="src\Test\SleepyPetTest.cpp">
      <Filter>Source Files\Test</Filter>
    </ClCompile>
    <ClCompile Include="src\Main.cpp">
      <Filter>Source Files</Filter>
    </ClCompile>
    <ClCompile Include="src\AnimationModule\State\SleepyStateSleep.cpp">
      <Filter>Header Files\AnimationModule\State</Filter>
    </ClCompile>
    <ClCompile Include="src\AnimationModule\State\SleepyStateSleep.cpp">
      <Filter>Source Files\AnimationModule\State</Filter>
    </ClCompile>
    <ClCompile Include="src\AnimationModule\State\SleepyStateJump.cpp">
      <Filter>Header Files\AnimationModule\State</Filter>
    </ClCompile>
    <ClCompile Include="src\AnimationModule\State\SleepyStateJump.cpp">
      <Filter>Source Files\AnimationModule\State</Filter>
    </ClCompile>
    <ClCompile Include="src\AnimationModule\State\SleepyStateCrawl.cpp">
      <Filter>Header Files\AnimationModule\State</Filter>
    </ClCompile>
    <ClCompile Include="src\AnimationModule\State\SleepyStateCrawlIdle.cpp">
      <Filter>Source Files\AnimationModule\State</Filter>
    </ClCompile>
    <ClCompile Include="src\AnimationModule\State\SleepyStateCrawl.cpp">
      <Filter>Source Files\AnimationModule\State</Filter>
    </ClCompile>
    <ClCompile Include="src\AnimationModule\ISleepyStateTransition.cpp">
      <Filter>Source Files\AnimationModule</Filter>
    </ClCompile>
    <ClCompile Include="src\Config\Config.cpp">
      <Filter>Source Files</Filter>
    </ClCompile>
  </ItemGroup>
  <ItemGroup>
    <None Include="README.md" />
    <None Include=".editorconfig" />
    <None Include=".gitattributes" />
    <None Include=".gitignore" />
    <None Include="config\config.json" />
  </ItemGroup>
  <ItemGroup>
    <Image Include="ZYimg\icon.png">
      <Filter>Resource Files</Filter>
    </Image>
    <Image Include="ZYimg\shime1.png">
      <Filter>Resource Files</Filter>
    </Image>
    <Image Include="ZYimg\shime2.png">
      <Filter>Resource Files</Filter>
    </Image>
    <Image Include="ZYimg\shime3.png">
      <Filter>Resource Files</Filter>
    </Image>
    <Image Include="ZYimg\shime4.png">
      <Filter>Resource Files</Filter>
    </Image>
    <Image Include="ZYimg\shime5.png">
      <Filter>Resource Files</Filter>
    </Image>
    <Image Include="ZYimg\shime6.png">
      <Filter>Resource Files</Filter>
    </Image>
    <Image Include="ZYimg\shime7.png">
      <Filter>Resource Files</Filter>
    </Image>
    <Image Include="ZYimg\shime8.png">
      <Filter>Resource Files</Filter>
    </Image>
    <Image Include="ZYimg\shime9.png">
      <Filter>Resource Files</Filter>
    </Image>
    <Image Include="ZYimg\shime10.png">
      <Filter>Resource Files</Filter>
    </Image>
    <Image Include="ZYimg\shime11.png">
      <Filter>Resource Files</Filter>
    </Image>
    <Image Include="ZYimg\shime12.png">
      <Filter>Resource Files</Filter>
    </Image>
    <Image Include="ZYimg\shime13.png">
      <Filter>Resource Files</Filter>
    </Image>
    <Image Include="ZYimg\shime14.png">
      <Filter>Resource Files</Filter>
    </Image>
    <Image Include="ZYimg\shime15.png">
      <Filter>Resource Files</Filter>
    </Image>
    <Image Include="ZYimg\shime16.png">
      <Filter>Resource Files</Filter>
    </Image>
    <Image Include="ZYimg\shime17.png">
      <Filter>Resource Files</Filter>
    </Image>
    <Image Include="ZYimg\shime18.png">
      <Filter>Resource Files</Filter>
    </Image>
    <Image Include="ZYimg\shime19.png">
      <Filter>Resource Files</Filter>
    </Image>
    <Image Include="ZYimg\shime20.png">
      <Filter>Resource Files</Filter>
    </Image>
    <Image Include="ZYimg\shime21.png">
      <Filter>Resource Files</Filter>
    </Image>
    <Image Include="ZYimg\shime22.png">
      <Filter>Resource Files</Filter>
    </Image>
    <Image Include="ZYimg\shime23.png">
      <Filter>Resource Files</Filter>
    </Image>
    <Image Include="ZYimg\shime24.png">
      <Filter>Resource Files</Filter>
    </Image>
    <Image Include="ZYimg\shime25.png">
      <Filter>Resource Files</Filter>
    </Image>
    <Image Include="ZYimg\shime26.png">
      <Filter>Resource Files</Filter>
    </Image>
    <Image Include="ZYimg\shime27.png">
      <Filter>Resource Files</Filter>
    </Image>
    <Image Include="ZYimg\shime28.png">
      <Filter>Resource Files</Filter>
    </Image>
    <Image Include="ZYimg\shime29.png">
      <Filter>Resource Files</Filter>
    </Image>
    <Image Include="ZYimg\shime30.png">
      <Filter>Resource Files</Filter>
    </Image>
    <Image Include="ZYimg\shime31.png">
      <Filter>Resource Files</Filter>
    </Image>
    <Image Include="ZYimg\shime32.png">
      <Filter>Resource Files</Filter>
    </Image>
    <Image Include="ZYimg\shime33.png">
      <Filter>Resource Files</Filter>
    </Image>
    <Image Include="ZYimg\shime34.png">
      <Filter>Resource Files</Filter>
    </Image>
    <Image Include="ZYimg\shime35.png">
      <Filter>Resource Files</Filter>
    </Image>
    <Image Include="ZYimg\shime36.png">
      <Filter>Resource Files</Filter>
    </Image>
    <Image Include="ZYimg\shime37.png">
      <Filter>Resource Files</Filter>
    </Image>
    <Image Include="ZYimg\shime38.png">
      <Filter>Resource Files</Filter>
    </Image>
    <Image Include="ZYimg\shime39.png">
      <Filter>Resource Files</Filter>
    </Image>
    <Image Include="ZYimg\shime40.png">
      <Filter>Resource Files</Filter>
    </Image>
    <Image Include="ZYimg\shime41.png">
      <Filter>Resource Files</Filter>
    </Image>
    <Image Include="ZYimg\shime42.png">
      <Filter>Resource Files</Filter>
    </Image>
    <Image Include="ZYimg\shime43.png">
      <Filter>Resource Files</Filter>
    </Image>
    <Image Include="ZYimg\shime44.png">
      <Filter>Resource Files</Filter>
    </Image>
    <Image Include="ZYimg\shime45.png">
      <Filter>Resource Files</Filter>
    </Image>
  </ItemGroup>
</Project>