
Microsoft Visual Studio Solution File, Format Version 12.00
# Visual Studio Version 17
VisualStudioVersion = 17.9.34728.123
MinimumVisualStudioVersion = 10.0.40219.1
Project("{8BC9CEB8-8B4A-11D0-8D11-00A0C91BC942}") = "SleepyPet", "SleepyPet.vcxproj", "{58B8C6E8-EBA4-4696-9939-218267E2BBF5}"
EndProject
Project("{8BC9CEB8-8B4A-11D0-8D11-00A0C91BC942}") = "StatisticalCode", "..\..\..\Cpp_Project\StatisticalCode\StatisticalCode.vcxproj", "{5AE4A197-E21A-4099-BC4E-DE673D46BA2D}"
EndProject
Global
	GlobalSection(SolutionConfigurationPlatforms) = preSolution
		Debug|x64 = Debug|x64
		Debug|x86 = Debug|x86
		Release|x64 = Release|x64
		Release|x86 = Release|x86
	EndGlobalSection
	GlobalSection(ProjectConfigurationPlatforms) = postSolution
		{58B8C6E8-EBA4-4696-9939-218267E2BBF5}.Debug|x64.ActiveCfg = Debug|x64
		{58B8C6E8-EBA4-4696-9939-218267E2BBF5}.Debug|x64.Build.0 = Debug|x64
		{58B8C6E8-EBA4-4696-9939-218267E2BBF5}.Debug|x86.ActiveCfg = Debug|x64
		{58B8C6E8-EBA4-4696-9939-218267E2BBF5}.Debug|x86.Build.0 = Debug|x64
		{58B8C6E8-EBA4-4696-9939-218267E2BBF5}.Release|x64.ActiveCfg = Release|x64
		{58B8C6E8-EBA4-4696-9939-218267E2BBF5}.Release|x64.Build.0 = Release|x64
		{58B8C6E8-EBA4-4696-9939-218267E2BBF5}.Release|x86.ActiveCfg = Release|x64
		{58B8C6E8-EBA4-4696-9939-218267E2BBF5}.Release|x86.Build.0 = Release|x64
		{5AE4A197-E21A-4099-BC4E-DE673D46BA2D}.Debug|x64.ActiveCfg = Debug|x64
		{5AE4A197-E21A-4099-BC4E-DE673D46BA2D}.Debug|x64.Build.0 = Debug|x64
		{5AE4A197-E21A-4099-BC4E-DE673D46BA2D}.Debug|x86.ActiveCfg = Debug|Win32
		{5AE4A197-E21A-4099-BC4E-DE673D46BA2D}.Debug|x86.Build.0 = Debug|Win32
		{5AE4A197-E21A-4099-BC4E-DE673D46BA2D}.Release|x64.ActiveCfg = Release|x64
		{5AE4A197-E21A-4099-BC4E-DE673D46BA2D}.Release|x64.Build.0 = Release|x64
		{5AE4A197-E21A-4099-BC4E-DE673D46BA2D}.Release|x86.ActiveCfg = Release|Win32
		{5AE4A197-E21A-4099-BC4E-DE673D46BA2D}.Release|x86.Build.0 = Release|Win32
	EndGlobalSection
	GlobalSection(SolutionProperties) = preSolution
		HideSolutionNode = FALSE
	EndGlobalSection
	GlobalSection(ExtensibilityGlobals) = postSolution
		SolutionGuid = {EEF878CF-A2A3-4985-A7F6-EEF609456B9D}
	EndGlobalSection
EndGlobal
